
Microsoft Visual Studio Solution File, Format Version 12.00
# Visual Studio Version 16
VisualStudioVersion = 16.0.29728.190
MinimumVisualStudioVersion = 10.0.40219.1
Project("{FAE04EC0-301F-11D3-BF4B-00C04F79EFBC}") = "MyWallet", "MyWallet.csproj", "{0BA3B7E4-B583-477F-821E-43FDDB7B50ED}"
EndProject
Project("{FAE04EC0-301F-11D3-BF4B-00C04F79EFBC}") = "MyWallet.Data", "..\MyWallet.Data\MyWallet.Data.csproj", "{8C33D644-A4DE-458C-BA13-DB5BE01DB0D3}"
EndProject
Project("{FAE04EC0-301F-11D3-BF4B-00C04F79EFBC}") = "MyWallet.Services", "..\MyWallet.Services\MyWallet.Services.csproj", "{439CFD73-6C89-4402-BE0D-ADEFC4D64A7D}"
EndProject
Global
	GlobalSection(SolutionConfigurationPlatforms) = preSolution
		Debug|Any CPU = Debug|Any CPU
		Release|Any CPU = Release|Any CPU
	EndGlobalSection
	GlobalSection(ProjectConfigurationPlatforms) = postSolution
		{0BA3B7E4-B583-477F-821E-43FDDB7B50ED}.Debug|Any CPU.ActiveCfg = Release|Any CPU
		{0BA3B7E4-B583-477F-821E-43FDDB7B50ED}.Debug|Any CPU.Build.0 = Release|Any CPU
		{0BA3B7E4-B583-477F-821E-43FDDB7B50ED}.Release|Any CPU.ActiveCfg = Release|Any CPU
		{0BA3B7E4-B583-477F-821E-43FDDB7B50ED}.Release|Any CPU.Build.0 = Release|Any CPU
		{8C33D644-A4DE-458C-BA13-DB5BE01DB0D3}.Debug|Any CPU.ActiveCfg = Debug|Any CPU
		{8C33D644-A4DE-458C-BA13-DB5BE01DB0D3}.Debug|Any CPU.Build.0 = Debug|Any CPU
		{8C33D644-A4DE-458C-BA13-DB5BE01DB0D3}.Release|Any CPU.ActiveCfg = Release|Any CPU
		{8C33D644-A4DE-458C-BA13-DB5BE01DB0D3}.Release|Any CPU.Build.0 = Release|Any CPU
		{439CFD73-6C89-4402-BE0D-ADEFC4D64A7D}.Debug|Any CPU.ActiveCfg = Debug|Any CPU
		{439CFD73-6C89-4402-BE0D-ADEFC4D64A7D}.Debug|Any CPU.Build.0 = Debug|Any CPU
		{439CFD73-6C89-4402-BE0D-ADEFC4D64A7D}.Release|Any CPU.ActiveCfg = Release|Any CPU
		{439CFD73-6C89-4402-BE0D-ADEFC4D64A7D}.Release|Any CPU.Build.0 = Release|Any CPU
	EndGlobalSection
	GlobalSection(SolutionProperties) = preSolution
		HideSolutionNode = FALSE
	EndGlobalSection
	GlobalSection(ExtensibilityGlobals) = postSolution
		SolutionGuid = {C9D1A3AB-5BF1-4DA9-8B7E-47EAF1FB30A7}
	EndGlobalSection
EndGlobal
